
Microsoft Visual Studio Solution File, Format Version 12.00
# Visual Studio Version 17
VisualStudioVersion = 17.14.36414.22
MinimumVisualStudioVersion = 10.0.40219.1
Project("{FAE04EC0-301F-11D3-BF4B-00C04F79EFBC}") = "bai1", "bai1\bai1.csproj", "{B09F15E2-BE49-4A9D-A2BE-405516D8532A}"
EndProject
Project("{FAE04EC0-301F-11D3-BF4B-00C04F79EFBC}") = "bai2", "bai2\bai2.csproj", "{C0995616-58F0-4219-97A8-94417833CC10}"
EndProject
Project("{FAE04EC0-301F-11D3-BF4B-00C04F79EFBC}") = "bai3", "bai3\bai3.csproj", "{729F7EFD-9630-4971-9B7E-0AA9DACBC0BA}"
EndProject
Global
	GlobalSection(SolutionConfigurationPlatforms) = preSolution
		Debug|Any CPU = Debug|Any CPU
		Release|Any CPU = Release|Any CPU
	EndGlobalSection
	GlobalSection(ProjectConfigurationPlatforms) = postSolution
		{B09F15E2-BE49-4A9D-A2BE-405516D8532A}.Debug|Any CPU.ActiveCfg = Debug|Any CPU
		{B09F15E2-BE49-4A9D-A2BE-405516D8532A}.Debug|Any CPU.Build.0 = Debug|Any CPU
		{B09F15E2-BE49-4A9D-A2BE-405516D8532A}.Release|Any CPU.ActiveCfg = Release|Any CPU
		{B09F15E2-BE49-4A9D-A2BE-405516D8532A}.Release|Any CPU.Build.0 = Release|Any CPU
		{C0995616-58F0-4219-97A8-94417833CC10}.Debug|Any CPU.ActiveCfg = Debug|Any CPU
		{C0995616-58F0-4219-97A8-94417833CC10}.Debug|Any CPU.Build.0 = Debug|Any CPU
		{C0995616-58F0-4219-97A8-94417833CC10}.Release|Any CPU.ActiveCfg = Release|Any CPU
		{C0995616-58F0-4219-97A8-94417833CC10}.Release|Any CPU.Build.0 = Release|Any CPU
		{729F7EFD-9630-4971-9B7E-0AA9DACBC0BA}.Debug|Any CPU.ActiveCfg = Debug|Any CPU
		{729F7EFD-9630-4971-9B7E-0AA9DACBC0BA}.Debug|Any CPU.Build.0 = Debug|Any CPU
		{729F7EFD-9630-4971-9B7E-0AA9DACBC0BA}.Release|Any CPU.ActiveCfg = Release|Any CPU
		{729F7EFD-9630-4971-9B7E-0AA9DACBC0BA}.Release|Any CPU.Build.0 = Release|Any CPU
	EndGlobalSection
	GlobalSection(SolutionProperties) = preSolution
		HideSolutionNode = FALSE
	EndGlobalSection
	GlobalSection(ExtensibilityGlobals) = postSolution
		SolutionGuid = {D9E69647-F662-4B46-AE1D-53D65A38C646}
	EndGlobalSection
EndGlobal
